// !$*UTF8*$!
{
	archiveVersion = 1;
	classes = {
	};
	objectVersion = 50;
	objects = {

/* Begin PBXBuildFile section */
		19BFB0EC27E0E03800035D75 /* AppDelegate.swift in Sources */ = {isa = PBXBuildFile; fileRef = 19BFB0EB27E0E03800035D75 /* AppDelegate.swift */; };
		19BFB0EE27E0E03800035D75 /* SceneDelegate.swift in Sources */ = {isa = PBXBuildFile; fileRef = 19BFB0ED27E0E03800035D75 /* SceneDelegate.swift */; };
		19BFB0F027E0E03800035D75 /* ViewController.swift in Sources */ = {isa = PBXBuildFile; fileRef = 19BFB0EF27E0E03800035D75 /* ViewController.swift */; };
		19BFB0F627E0E03800035D75 /* TasksWithCompositePattern.xcdatamodeld in Sources */ = {isa = PBXBuildFile; fileRef = 19BFB0F427E0E03800035D75 /* TasksWithCompositePattern.xcdatamodeld */; };
		19BFB0F827E0E03C00035D75 /* Assets.xcassets in Resources */ = {isa = PBXBuildFile; fileRef = 19BFB0F727E0E03C00035D75 /* Assets.xcassets */; };
		19BFB0FB27E0E03C00035D75 /* LaunchScreen.storyboard in Resources */ = {isa = PBXBuildFile; fileRef = 19BFB0F927E0E03C00035D75 /* LaunchScreen.storyboard */; };
		19BFB10627E0E03D00035D75 /* TasksWithCompositePatternTests.swift in Sources */ = {isa = PBXBuildFile; fileRef = 19BFB10527E0E03D00035D75 /* TasksWithCompositePatternTests.swift */; };
		19BFB11127E0E03D00035D75 /* TasksWithCompositePatternUITests.swift in Sources */ = {isa = PBXBuildFile; fileRef = 19BFB11027E0E03D00035D75 /* TasksWithCompositePatternUITests.swift */; };
		19BFB12B27E10F9E00035D75 /* Task.swift in Sources */ = {isa = PBXBuildFile; fileRef = 19BFB12A27E10F9E00035D75 /* Task.swift */; };
/* End PBXBuildFile section */

/* Begin PBXContainerItemProxy section */
		19BFB10227E0E03D00035D75 /* PBXContainerItemProxy */ = {
			isa = PBXContainerItemProxy;
			containerPortal = 19BFB0E027E0E03800035D75 /* Project object */;
			proxyType = 1;
			remoteGlobalIDString = 19BFB0E727E0E03800035D75;
			remoteInfo = TasksWithCompositePattern;
		};
		19BFB10D27E0E03D00035D75 /* PBXContainerItemProxy */ = {
			isa = PBXContainerItemProxy;
			containerPortal = 19BFB0E027E0E03800035D75 /* Project object */;
			proxyType = 1;
			remoteGlobalIDString = 19BFB0E727E0E03800035D75;
			remoteInfo = TasksWithCompositePattern;
		};
/* End PBXContainerItemProxy section */

/* Begin PBXFileReference section */
		19BFB0E827E0E03800035D75 /* TasksWithCompositePattern.app */ = {isa = PBXFileReference; explicitFileType = wrapper.application; includeInIndex = 0; path = TasksWithCompositePattern.app; sourceTree = BUILT_PRODUCTS_DIR; };
		19BFB0EB27E0E03800035D75 /* AppDelegate.swift */ = {isa = PBXFileReference; lastKnownFileType = sourcecode.swift; path = AppDelegate.swift; sourceTree = "<group>"; };
		19BFB0ED27E0E03800035D75 /* SceneDelegate.swift */ = {isa = PBXFileReference; lastKnownFileType = sourcecode.swift; path = SceneDelegate.swift; sourceTree = "<group>"; };
		19BFB0EF27E0E03800035D75 /* ViewController.swift */ = {isa = PBXFileReference; lastKnownFileType = sourcecode.swift; path = ViewController.swift; sourceTree = "<group>"; };
		19BFB0F527E0E03800035D75 /* TasksWithCompositePattern.xcdatamodel */ = {isa = PBXFileReference; lastKnownFileType = wrapper.xcdatamodel; path = TasksWithCompositePattern.xcdatamodel; sourceTree = "<group>"; };
		19BFB0F727E0E03C00035D75 /* Assets.xcassets */ = {isa = PBXFileReference; lastKnownFileType = folder.assetcatalog; path = Assets.xcassets; sourceTree = "<group>"; };
		19BFB0FA27E0E03C00035D75 /* Base */ = {isa = PBXFileReference; lastKnownFileType = file.storyboard; name = Base; path = Base.lproj/LaunchScreen.storyboard; sourceTree = "<group>"; };
		19BFB0FC27E0E03C00035D75 /* Info.plist */ = {isa = PBXFileReference; lastKnownFileType = text.plist.xml; path = Info.plist; sourceTree = "<group>"; };
		19BFB10127E0E03D00035D75 /* TasksWithCompositePatternTests.xctest */ = {isa = PBXFileReference; explicitFileType = wrapper.cfbundle; includeInIndex = 0; path = TasksWithCompositePatternTests.xctest; sourceTree = BUILT_PRODUCTS_DIR; };
		19BFB10527E0E03D00035D75 /* TasksWithCompositePatternTests.swift */ = {isa = PBXFileReference; lastKnownFileType = sourcecode.swift; path = TasksWithCompositePatternTests.swift; sourceTree = "<group>"; };
		19BFB10727E0E03D00035D75 /* Info.plist */ = {isa = PBXFileReference; lastKnownFileType = text.plist.xml; path = Info.plist; sourceTree = "<group>"; };
		19BFB10C27E0E03D00035D75 /* TasksWithCompositePatternUITests.xctest */ = {isa = PBXFileReference; explicitFileType = wrapper.cfbundle; includeInIndex = 0; path = TasksWithCompositePatternUITests.xctest; sourceTree = BUILT_PRODUCTS_DIR; };
		19BFB11027E0E03D00035D75 /* TasksWithCompositePatternUITests.swift */ = {isa = PBXFileReference; lastKnownFileType = sourcecode.swift; path = TasksWithCompositePatternUITests.swift; sourceTree = "<group>"; };
		19BFB11227E0E03D00035D75 /* Info.plist */ = {isa = PBXFileReference; lastKnownFileType = text.plist.xml; path = Info.plist; sourceTree = "<group>"; };
		19BFB12A27E10F9E00035D75 /* Task.swift */ = {isa = PBXFileReference; lastKnownFileType = sourcecode.swift; path = Task.swift; sourceTree = "<group>"; };
/* End PBXFileReference section */

/* Begin PBXFrameworksBuildPhase section */
		19BFB0E527E0E03800035D75 /* Frameworks */ = {
			isa = PBXFrameworksBuildPhase;
			buildActionMask = 2147483647;
			files = (
			);
			runOnlyForDeploymentPostprocessing = 0;
		};
		19BFB0FE27E0E03D00035D75 /* Frameworks */ = {
			isa = PBXFrameworksBuildPhase;
			buildActionMask = 2147483647;
			files = (
			);
			runOnlyForDeploymentPostprocessing = 0;
		};
		19BFB10927E0E03D00035D75 /* Frameworks */ = {
			isa = PBXFrameworksBuildPhase;
			buildActionMask = 2147483647;
			files = (
			);
			runOnlyForDeploymentPostprocessing = 0;
		};
/* End PBXFrameworksBuildPhase section */

/* Begin PBXGroup section */
		19BFB0DF27E0E03800035D75 = {
			isa = PBXGroup;
			children = (
				19BFB0EA27E0E03800035D75 /* TasksWithCompositePattern */,
				19BFB10427E0E03D00035D75 /* TasksWithCompositePatternTests */,
				19BFB10F27E0E03D00035D75 /* TasksWithCompositePatternUITests */,
				19BFB0E927E0E03800035D75 /* Products */,
			);
			sourceTree = "<group>";
		};
		19BFB0E927E0E03800035D75 /* Products */ = {
			isa = PBXGroup;
			children = (
				19BFB0E827E0E03800035D75 /* TasksWithCompositePattern.app */,
				19BFB10127E0E03D00035D75 /* TasksWithCompositePatternTests.xctest */,
				19BFB10C27E0E03D00035D75 /* TasksWithCompositePatternUITests.xctest */,
			);
			name = Products;
			sourceTree = "<group>";
		};
		19BFB0EA27E0E03800035D75 /* TasksWithCompositePattern */ = {
			isa = PBXGroup;
			children = (
				19BFB0EF27E0E03800035D75 /* ViewController.swift */,
				19BFB12A27E10F9E00035D75 /* Task.swift */,
				19BFB0EB27E0E03800035D75 /* AppDelegate.swift */,
				19BFB0ED27E0E03800035D75 /* SceneDelegate.swift */,
				19BFB0F727E0E03C00035D75 /* Assets.xcassets */,
				19BFB0F927E0E03C00035D75 /* LaunchScreen.storyboard */,
				19BFB0FC27E0E03C00035D75 /* Info.plist */,
				19BFB0F427E0E03800035D75 /* TasksWithCompositePattern.xcdatamodeld */,
			);
			path = TasksWithCompositePattern;
			sourceTree = "<group>";
		};
		19BFB10427E0E03D00035D75 /* TasksWithCompositePatternTests */ = {
			isa = PBXGroup;
			children = (
				19BFB10527E0E03D00035D75 /* TasksWithCompositePatternTests.swift */,
				19BFB10727E0E03D00035D75 /* Info.plist */,
			);
			path = TasksWithCompositePatternTests;
			sourceTree = "<group>";
		};
		19BFB10F27E0E03D00035D75 /* TasksWithCompositePatternUITests */ = {
			isa = PBXGroup;
			children = (
				19BFB11027E0E03D00035D75 /* TasksWithCompositePatternUITests.swift */,
				19BFB11227E0E03D00035D75 /* Info.plist */,
			);
			path = TasksWithCompositePatternUITests;
			sourceTree = "<group>";
		};
/* End PBXGroup section */

/* Begin PBXNativeTarget section */
		19BFB0E727E0E03800035D75 /* TasksWithCompositePattern */ = {
			isa = PBXNativeTarget;
			buildConfigurationList = 19BFB11527E0E03D00035D75 /* Build configuration list for PBXNativeTarget "TasksWithCompositePattern" */;
			buildPhases = (
				19BFB0E427E0E03800035D75 /* Sources */,
				19BFB0E527E0E03800035D75 /* Frameworks */,
				19BFB0E627E0E03800035D75 /* Resources */,
			);
			buildRules = (
			);
			dependencies = (
			);
			name = TasksWithCompositePattern;
			productName = TasksWithCompositePattern;
			productReference = 19BFB0E827E0E03800035D75 /* TasksWithCompositePattern.app */;
			productType = "com.apple.product-type.application";
		};
		19BFB10027E0E03D00035D75 /* TasksWithCompositePatternTests */ = {
			isa = PBXNativeTarget;
			buildConfigurationList = 19BFB11827E0E03D00035D75 /* Build configuration list for PBXNativeTarget "TasksWithCompositePatternTests" */;
			buildPhases = (
				19BFB0FD27E0E03D00035D75 /* Sources */,
				19BFB0FE27E0E03D00035D75 /* Frameworks */,
				19BFB0FF27E0E03D00035D75 /* Resources */,
			);
			buildRules = (
			);
			dependencies = (
				19BFB10327E0E03D00035D75 /* PBXTargetDependency */,
			);
			name = TasksWithCompositePatternTests;
			productName = TasksWithCompositePatternTests;
			productReference = 19BFB10127E0E03D00035D75 /* TasksWithCompositePatternTests.xctest */;
			productType = "com.apple.product-type.bundle.unit-test";
		};
		19BFB10B27E0E03D00035D75 /* TasksWithCompositePatternUITests */ = {
			isa = PBXNativeTarget;
			buildConfigurationList = 19BFB11B27E0E03D00035D75 /* Build configuration list for PBXNativeTarget "TasksWithCompositePatternUITests" */;
			buildPhases = (
				19BFB10827E0E03D00035D75 /* Sources */,
				19BFB10927E0E03D00035D75 /* Frameworks */,
				19BFB10A27E0E03D00035D75 /* Resources */,
			);
			buildRules = (
			);
			dependencies = (
				19BFB10E27E0E03D00035D75 /* PBXTargetDependency */,
			);
			name = TasksWithCompositePatternUITests;
			productName = TasksWithCompositePatternUITests;
			productReference = 19BFB10C27E0E03D00035D75 /* TasksWithCompositePatternUITests.xctest */;
			productType = "com.apple.product-type.bundle.ui-testing";
		};
/* End PBXNativeTarget section */

/* Begin PBXProject section */
		19BFB0E027E0E03800035D75 /* Project object */ = {
			isa = PBXProject;
			attributes = {
				LastSwiftUpdateCheck = 1210;
				LastUpgradeCheck = 1210;
				TargetAttributes = {
					19BFB0E727E0E03800035D75 = {
						CreatedOnToolsVersion = 12.1.1;
					};
					19BFB10027E0E03D00035D75 = {
						CreatedOnToolsVersion = 12.1.1;
						TestTargetID = 19BFB0E727E0E03800035D75;
					};
					19BFB10B27E0E03D00035D75 = {
						CreatedOnToolsVersion = 12.1.1;
						TestTargetID = 19BFB0E727E0E03800035D75;
					};
				};
			};
			buildConfigurationList = 19BFB0E327E0E03800035D75 /* Build configuration list for PBXProject "TasksWithCompositePattern" */;
			compatibilityVersion = "Xcode 9.3";
			developmentRegion = en;
			hasScannedForEncodings = 0;
			knownRegions = (
				en,
				Base,
			);
			mainGroup = 19BFB0DF27E0E03800035D75;
			productRefGroup = 19BFB0E927E0E03800035D75 /* Products */;
			projectDirPath = "";
			projectRoot = "";
			targets = (
				19BFB0E727E0E03800035D75 /* TasksWithCompositePattern */,
				19BFB10027E0E03D00035D75 /* TasksWithCompositePatternTests */,
				19BFB10B27E0E03D00035D75 /* TasksWithCompositePatternUITests */,
			);
		};
/* End PBXProject section */

/* Begin PBXResourcesBuildPhase section */
		19BFB0E627E0E03800035D75 /* Resources */ = {
			isa = PBXResourcesBuildPhase;
			buildActionMask = 2147483647;
			files = (
				19BFB0FB27E0E03C00035D75 /* LaunchScreen.storyboard in Resources */,
				19BFB0F827E0E03C00035D75 /* Assets.xcassets in Resources */,
			);
			runOnlyForDeploymentPostprocessing = 0;
		};
		19BFB0FF27E0E03D00035D75 /* Resources */ = {
			isa = PBXResourcesBuildPhase;
			buildActionMask = 2147483647;
			files = (
			);
			runOnlyForDeploymentPostprocessing = 0;
		};
		19BFB10A27E0E03D00035D75 /* Resources */ = {
			isa = PBXResourcesBuildPhase;
			buildActionMask = 2147483647;
			files = (
			);
			runOnlyForDeploymentPostprocessing = 0;
		};
/* End PBXResourcesBuildPhase section */

/* Begin PBXSourcesBuildPhase section */
		19BFB0E427E0E03800035D75 /* Sources */ = {
			isa = PBXSourcesBuildPhase;
			buildActionMask = 2147483647;
			files = (
				19BFB0F027E0E03800035D75 /* ViewController.swift in Sources */,
				19BFB0F627E0E03800035D75 /* TasksWithCompositePattern.xcdatamodeld in Sources */,
				19BFB0EC27E0E03800035D75 /* AppDelegate.swift in Sources */,
				19BFB0EE27E0E03800035D75 /* SceneDelegate.swift in Sources */,
				19BFB12B27E10F9E00035D75 /* Task.swift in Sources */,
			);
			runOnlyForDeploymentPostprocessing = 0;
		};
		19BFB0FD27E0E03D00035D75 /* Sources */ = {
			isa = PBXSourcesBuildPhase;
			buildActionMask = 2147483647;
			files = (
				19BFB10627E0E03D00035D75 /* TasksWithCompositePatternTests.swift in Sources */,
			);
			runOnlyForDeploymentPostprocessing = 0;
		};
		19BFB10827E0E03D00035D75 /* Sources */ = {
			isa = PBXSourcesBuildPhase;
			buildActionMask = 2147483647;
			files = (
				19BFB11127E0E03D00035D75 /* TasksWithCompositePatternUITests.swift in Sources */,
			);
			runOnlyForDeploymentPostprocessing = 0;
		};
/* End PBXSourcesBuildPhase section */

/* Begin PBXTargetDependency section */
		19BFB10327E0E03D00035D75 /* PBXTargetDependency */ = {
			isa = PBXTargetDependency;
			target = 19BFB0E727E0E03800035D75 /* TasksWithCompositePattern */;
			targetProxy = 19BFB10227E0E03D00035D75 /* PBXContainerItemProxy */;
		};
		19BFB10E27E0E03D00035D75 /* PBXTargetDependency */ = {
			isa = PBXTargetDependency;
			target = 19BFB0E727E0E03800035D75 /* TasksWithCompositePattern */;
			targetProxy = 19BFB10D27E0E03D00035D75 /* PBXContainerItemProxy */;
		};
/* End PBXTargetDependency section */

/* Begin PBXVariantGroup section */
		19BFB0F927E0E03C00035D75 /* LaunchScreen.storyboard */ = {
			isa = PBXVariantGroup;
			children = (
				19BFB0FA27E0E03C00035D75 /* Base */,
			);
			name = LaunchScreen.storyboard;
			sourceTree = "<group>";
		};
/* End PBXVariantGroup section */

/* Begin XCBuildConfiguration section */
		19BFB11327E0E03D00035D75 /* Debug */ = {
			isa = XCBuildConfiguration;
			buildSettings = {
				ALWAYS_SEARCH_USER_PATHS = NO;
				CLANG_ANALYZER_NONNULL = YES;
				CLANG_ANALYZER_NUMBER_OBJECT_CONVERSION = YES_AGGRESSIVE;
				CLANG_CXX_LANGUAGE_STANDARD = "gnu++14";
				CLANG_CXX_LIBRARY = "libc++";
				CLANG_ENABLE_MODULES = YES;
				CLANG_ENABLE_OBJC_ARC = YES;
				CLANG_ENABLE_OBJC_WEAK = YES;
				CLANG_WARN_BLOCK_CAPTURE_AUTORELEASING = YES;
				CLANG_WARN_BOOL_CONVERSION = YES;
				CLANG_WARN_COMMA = YES;
				CLANG_WARN_CONSTANT_CONVERSION = YES;
				CLANG_WARN_DEPRECATED_OBJC_IMPLEMENTATIONS = YES;
				CLANG_WARN_DIRECT_OBJC_ISA_USAGE = YES_ERROR;
				CLANG_WARN_DOCUMENTATION_COMMENTS = YES;
				CLANG_WARN_EMPTY_BODY = YES;
				CLANG_WARN_ENUM_CONVERSION = YES;
				CLANG_WARN_INFINITE_RECURSION = YES;
				CLANG_WARN_INT_CONVERSION = YES;
				CLANG_WARN_NON_LITERAL_NULL_CONVERSION = YES;
				CLANG_WARN_OBJC_IMPLICIT_RETAIN_SELF = YES;
				CLANG_WARN_OBJC_LITERAL_CONVERSION = YES;
				CLANG_WARN_OBJC_ROOT_CLASS = YES_ERROR;
				CLANG_WARN_QUOTED_INCLUDE_IN_FRAMEWORK_HEADER = YES;
				CLANG_WARN_RANGE_LOOP_ANALYSIS = YES;
				CLANG_WARN_STRICT_PROTOTYPES = YES;
				CLANG_WARN_SUSPICIOUS_MOVE = YES;
				CLANG_WARN_UNGUARDED_AVAILABILITY = YES_AGGRESSIVE;
				CLANG_WARN_UNREACHABLE_CODE = YES;
				CLANG_WARN__DUPLICATE_METHOD_MATCH = YES;
				COPY_PHASE_STRIP = NO;
				DEBUG_INFORMATION_FORMAT = dwarf;
				ENABLE_STRICT_OBJC_MSGSEND = YES;
				ENABLE_TESTABILITY = YES;
				GCC_C_LANGUAGE_STANDARD = gnu11;
				GCC_DYNAMIC_NO_PIC = NO;
				GCC_NO_COMMON_BLOCKS = YES;
				GCC_OPTIMIZATION_LEVEL = 0;
				GCC_PREPROCESSOR_DEFINITIONS = (
					"DEBUG=1",
					"$(inherited)",
				);
				GCC_WARN_64_TO_32_BIT_CONVERSION = YES;
				GCC_WARN_ABOUT_RETURN_TYPE = YES_ERROR;
				GCC_WARN_UNDECLARED_SELECTOR = YES;
				GCC_WARN_UNINITIALIZED_AUTOS = YES_AGGRESSIVE;
				GCC_WARN_UNUSED_FUNCTION = YES;
				GCC_WARN_UNUSED_VARIABLE = YES;
				IPHONEOS_DEPLOYMENT_TARGET = 14.2;
				MTL_ENABLE_DEBUG_INFO = INCLUDE_SOURCE;
				MTL_FAST_MATH = YES;
				ONLY_ACTIVE_ARCH = YES;
				SDKROOT = iphoneos;
				SWIFT_ACTIVE_COMPILATION_CONDITIONS = DEBUG;
				SWIFT_OPTIMIZATION_LEVEL = "-Onone";
			};
			name = Debug;
		};
		19BFB11427E0E03D00035D75 /* Release */ = {
			isa = XCBuildConfiguration;
			buildSettings = {
				ALWAYS_SEARCH_USER_PATHS = NO;
				CLANG_ANALYZER_NONNULL = YES;
				CLANG_ANALYZER_NUMBER_OBJECT_CONVERSION = YES_AGGRESSIVE;
				CLANG_CXX_LANGUAGE_STANDARD = "gnu++14";
				CLANG_CXX_LIBRARY = "libc++";
				CLANG_ENABLE_MODULES = YES;
				CLANG_ENABLE_OBJC_ARC = YES;
				CLANG_ENABLE_OBJC_WEAK = YES;
				CLANG_WARN_BLOCK_CAPTURE_AUTORELEASING = YES;
				CLANG_WARN_BOOL_CONVERSION = YES;
				CLANG_WARN_COMMA = YES;
				CLANG_WARN_CONSTANT_CONVERSION = YES;
				CLANG_WARN_DEPRECATED_OBJC_IMPLEMENTATIONS = YES;
				CLANG_WARN_DIRECT_OBJC_ISA_USAGE = YES_ERROR;
				CLANG_WARN_DOCUMENTATION_COMMENTS = YES;
				CLANG_WARN_EMPTY_BODY = YES;
				CLANG_WARN_ENUM_CONVERSION = YES;
				CLANG_WARN_INFINITE_RECURSION = YES;
				CLANG_WARN_INT_CONVERSION = YES;
				CLANG_WARN_NON_LITERAL_NULL_CONVERSION = YES;
				CLANG_WARN_OBJC_IMPLICIT_RETAIN_SELF = YES;
				CLANG_WARN_OBJC_LITERAL_CONVERSION = YES;
				CLANG_WARN_OBJC_ROOT_CLASS = YES_ERROR;
				CLANG_WARN_QUOTED_INCLUDE_IN_FRAMEWORK_HEADER = YES;
				CLANG_WARN_RANGE_LOOP_ANALYSIS = YES;
				CLANG_WARN_STRICT_PROTOTYPES = YES;
				CLANG_WARN_SUSPICIOUS_MOVE = YES;
				CLANG_WARN_UNGUARDED_AVAILABILITY = YES_AGGRESSIVE;
				CLANG_WARN_UNREACHABLE_CODE = YES;
				CLANG_WARN__DUPLICATE_METHOD_MATCH = YES;
				COPY_PHASE_STRIP = NO;
				DEBUG_INFORMATION_FORMAT = "dwarf-with-dsym";
				ENABLE_NS_ASSERTIONS = NO;
				ENABLE_STRICT_OBJC_MSGSEND = YES;
				GCC_C_LANGUAGE_STANDARD = gnu11;
				GCC_NO_COMMON_BLOCKS = YES;
				GCC_WARN_64_TO_32_BIT_CONVERSION = YES;
				GCC_WARN_ABOUT_RETURN_TYPE = YES_ERROR;
				GCC_WARN_UNDECLARED_SELECTOR = YES;
				GCC_WARN_UNINITIALIZED_AUTOS = YES_AGGRESSIVE;
				GCC_WARN_UNUSED_FUNCTION = YES;
				GCC_WARN_UNUSED_VARIABLE = YES;
				IPHONEOS_DEPLOYMENT_TARGET = 14.2;
				MTL_ENABLE_DEBUG_INFO = NO;
				MTL_FAST_MATH = YES;
				SDKROOT = iphoneos;
				SWIFT_COMPILATION_MODE = wholemodule;
				SWIFT_OPTIMIZATION_LEVEL = "-O";
				VALIDATE_PRODUCT = YES;
			};
			name = Release;
		};
		19BFB11627E0E03D00035D75 /* Debug */ = {
			isa = XCBuildConfiguration;
			buildSettings = {
				ASSETCATALOG_COMPILER_APPICON_NAME = AppIcon;
				ASSETCATALOG_COMPILER_GLOBAL_ACCENT_COLOR_NAME = AccentColor;
				CODE_SIGN_STYLE = Automatic;
				DEVELOPMENT_TEAM = R48C6P8ZZH;
				INFOPLIST_FILE = TasksWithCompositePattern/Info.plist;
				LD_RUNPATH_SEARCH_PATHS = (
					"$(inherited)",
					"@executable_path/Frameworks",
				);
				PRODUCT_BUNDLE_IDENTIFIER = com.olyagavrilko.TasksWithCompositePattern;
				PRODUCT_NAME = "$(TARGET_NAME)";
				SWIFT_VERSION = 5.0;
				TARGETED_DEVICE_FAMILY = 1;
			};
			name = Debug;
		};
		19BFB11727E0E03D00035D75 /* Release */ = {
			isa = XCBuildConfiguration;
			buildSettings = {
				ASSETCATALOG_COMPILER_APPICON_NAME = AppIcon;
				ASSETCATALOG_COMPILER_GLOBAL_ACCENT_COLOR_NAME = AccentColor;
				CODE_SIGN_STYLE = Automatic;
				DEVELOPMENT_TEAM = R48C6P8ZZH;
				INFOPLIST_FILE = TasksWithCompositePattern/Info.plist;
				LD_RUNPATH_SEARCH_PATHS = (
					"$(inherited)",
					"@executable_path/Frameworks",
				);
				PRODUCT_BUNDLE_IDENTIFIER = com.olyagavrilko.TasksWithCompositePattern;
				PRODUCT_NAME = "$(TARGET_NAME)";
				SWIFT_VERSION = 5.0;
				TARGETED_DEVICE_FAMILY = 1;
			};
			name = Release;
		};
		19BFB11927E0E03D00035D75 /* Debug */ = {
			isa = XCBuildConfiguration;
			buildSettings = {
				ALWAYS_EMBED_SWIFT_STANDARD_LIBRARIES = YES;
				BUNDLE_LOADER = "$(TEST_HOST)";
				CODE_SIGN_STYLE = Automatic;
				DEVELOPMENT_TEAM = R48C6P8ZZH;
				INFOPLIST_FILE = TasksWithCompositePatternTests/Info.plist;
				IPHONEOS_DEPLOYMENT_TARGET = 14.2;
				LD_RUNPATH_SEARCH_PATHS = (
					"$(inherited)",
					"@executable_path/Frameworks",
					"@loader_path/Frameworks",
				);
				PRODUCT_BUNDLE_IDENTIFIER = com.olyagavrilko.TasksWithCompositePatternTests;
				PRODUCT_NAME = "$(TARGET_NAME)";
				SWIFT_VERSION = 5.0;
				TARGETED_DEVICE_FAMILY = "1,2";
				TEST_HOST = "$(BUILT_PRODUCTS_DIR)/TasksWithCompositePattern.app/TasksWithCompositePattern";
			};
			name = Debug;
		};
		19BFB11A27E0E03D00035D75 /* Release */ = {
			isa = XCBuildConfiguration;
			buildSettings = {
				ALWAYS_EMBED_SWIFT_STANDARD_LIBRARIES = YES;
				BUNDLE_LOADER = "$(TEST_HOST)";
				CODE_SIGN_STYLE = Automatic;
				DEVELOPMENT_TEAM = R48C6P8ZZH;
				INFOPLIST_FILE = TasksWithCompositePatternTests/Info.plist;
				IPHONEOS_DEPLOYMENT_TARGET = 14.2;
				LD_RUNPATH_SEARCH_PATHS = (
					"$(inherited)",
					"@executable_path/Frameworks",
					"@loader_path/Frameworks",
				);
				PRODUCT_BUNDLE_IDENTIFIER = com.olyagavrilko.TasksWithCompositePatternTests;
				PRODUCT_NAME = "$(TARGET_NAME)";
				SWIFT_VERSION = 5.0;
				TARGETED_DEVICE_FAMILY = "1,2";
				TEST_HOST = "$(BUILT_PRODUCTS_DIR)/TasksWithCompositePattern.app/TasksWithCompositePattern";
			};
			name = Release;
		};
		19BFB11C27E0E03D00035D75 /* Debug */ = {
			isa = XCBuildConfiguration;
			buildSettings = {
				ALWAYS_EMBED_SWIFT_STANDARD_LIBRARIES = YES;
				CODE_SIGN_STYLE = Automatic;
				DEVELOPMENT_TEAM = R48C6P8ZZH;
				INFOPLIST_FILE = TasksWithCompositePatternUITests/Info.plist;
				LD_RUNPATH_SEARCH_PATHS = (
					"$(inherited)",
					"@executable_path/Frameworks",
					"@loader_path/Frameworks",
				);
				PRODUCT_BUNDLE_IDENTIFIER = com.olyagavrilko.TasksWithCompositePatternUITests;
				PRODUCT_NAME = "$(TARGET_NAME)";
				SWIFT_VERSION = 5.0;
				TARGETED_DEVICE_FAMILY = "1,2";
				TEST_TARGET_NAME = TasksWithCompositePattern;
			};
			name = Debug;
		};
		19BFB11D27E0E03D00035D75 /* Release */ = {
			isa = XCBuildConfiguration;
			buildSettings = {
				ALWAYS_EMBED_SWIFT_STANDARD_LIBRARIES = YES;
				CODE_SIGN_STYLE = Automatic;
				DEVELOPMENT_TEAM = R48C6P8ZZH;
				INFOPLIST_FILE = TasksWithCompositePatternUITests/Info.plist;
				LD_RUNPATH_SEARCH_PATHS = (
					"$(inherited)",
					"@executable_path/Frameworks",
					"@loader_path/Frameworks",
				);
				PRODUCT_BUNDLE_IDENTIFIER = com.olyagavrilko.TasksWithCompositePatternUITests;
				PRODUCT_NAME = "$(TARGET_NAME)";
				SWIFT_VERSION = 5.0;
				TARGETED_DEVICE_FAMILY = "1,2";
				TEST_TARGET_NAME = TasksWithCompositePattern;
			};
			name = Release;
		};
/* End XCBuildConfiguration section */

/* Begin XCConfigurationList section */
		19BFB0E327E0E03800035D75 /* Build configuration list for PBXProject "TasksWithCompositePattern" */ = {
			isa = XCConfigurationList;
			buildConfigurations = (
				19BFB11327E0E03D00035D75 /* Debug */,
				19BFB11427E0E03D00035D75 /* Release */,
			);
			defaultConfigurationIsVisible = 0;
			defaultConfigurationName = Release;
		};
		19BFB11527E0E03D00035D75 /* Build configuration list for PBXNativeTarget "TasksWithCompositePattern" */ = {
			isa = XCConfigurationList;
			buildConfigurations = (
				19BFB11627E0E03D00035D75 /* Debug */,
				19BFB11727E0E03D00035D75 /* Release */,
			);
			defaultConfigurationIsVisible = 0;
			defaultConfigurationName = Release;
		};
		19BFB11827E0E03D00035D75 /* Build configuration list for PBXNativeTarget "TasksWithCompositePatternTests" */ = {
			isa = XCConfigurationList;
			buildConfigurations = (
				19BFB11927E0E03D00035D75 /* Debug */,
				19BFB11A27E0E03D00035D75 /* Release */,
			);
			defaultConfigurationIsVisible = 0;
			defaultConfigurationName = Release;
		};
		19BFB11B27E0E03D00035D75 /* Build configuration list for PBXNativeTarget "TasksWithCompositePatternUITests" */ = {
			isa = XCConfigurationList;
			buildConfigurations = (
				19BFB11C27E0E03D00035D75 /* Debug */,
				19BFB11D27E0E03D00035D75 /* Release */,
			);
			defaultConfigurationIsVisible = 0;
			defaultConfigurationName = Release;
		};
/* End XCConfigurationList section */

/* Begin XCVersionGroup section */
		19BFB0F427E0E03800035D75 /* TasksWithCompositePattern.xcdatamodeld */ = {
			isa = XCVersionGroup;
			children = (
				19BFB0F527E0E03800035D75 /* TasksWithCompositePattern.xcdatamodel */,
			);
			currentVersion = 19BFB0F527E0E03800035D75 /* TasksWithCompositePattern.xcdatamodel */;
			path = TasksWithCompositePattern.xcdatamodeld;
			sourceTree = "<group>";
			versionGroupType = wrapper.xcdatamodel;
		};
/* End XCVersionGroup section */
	};
	rootObject = 19BFB0E027E0E03800035D75 /* Project object */;
}
